
Microsoft Visual Studio Solution File, Format Version 12.00
# Visual Studio Version 17
VisualStudioVersion = 17.11.35222.181
MinimumVisualStudioVersion = 10.0.40219.1
Project("{FAE04EC0-301F-11D3-BF4B-00C04F79EFBC}") = "GestMarinha", "GestMarinha\GestMarinha.csproj", "{7D2F1E65-5A67-4D06-8475-FEDFF6F2BAF3}"
EndProject
Global
	GlobalSection(SolutionConfigurationPlatforms) = preSolution
		Debug|Any CPU = Debug|Any CPU
		Release|Any CPU = Release|Any CPU
	EndGlobalSection
	GlobalSection(ProjectConfigurationPlatforms) = postSolution
		{7D2F1E65-5A67-4D06-8475-FEDFF6F2BAF3}.Debug|Any CPU.ActiveCfg = Debug|Any CPU
		{7D2F1E65-5A67-4D06-8475-FEDFF6F2BAF3}.Debug|Any CPU.Build.0 = Debug|Any CPU
		{7D2F1E65-5A67-4D06-8475-FEDFF6F2BAF3}.Release|Any CPU.ActiveCfg = Release|Any CPU
		{7D2F1E65-5A67-4D06-8475-FEDFF6F2BAF3}.Release|Any CPU.Build.0 = Release|Any CPU
	EndGlobalSection
	GlobalSection(SolutionProperties) = preSolution
		HideSolutionNode = FALSE
	EndGlobalSection
	GlobalSection(ExtensibilityGlobals) = postSolution
		SolutionGuid = {88A1DA3B-6054-4E80-995F-A98F97B3C886}
	EndGlobalSection
EndGlobal
